
Microsoft Visual Studio Solution File, Format Version 12.00
# Visual Studio Version 17
VisualStudioVersion = 17.14.36930.0 d17.14
MinimumVisualStudioVersion = 10.0.40219.1
Project("{FAE04EC0-301F-11D3-BF4B-00C04F79EFBC}") = "ConsoleApp1", "ConsoleApp1\ConsoleApp1.csproj", "{C41D5279-D202-41A4-AA59-065A97DF5A68}"
EndProject
Project("{FAE04EC0-301F-11D3-BF4B-00C04F79EFBC}") = "FizzBuzzTest", "FizzBuzzTest\FizzBuzzTest.csproj", "{4CC7C123-31B7-492A-A721-A5ED9E875E22}"
EndProject
Global
	GlobalSection(SolutionConfigurationPlatforms) = preSolution
		Debug|Any CPU = Debug|Any CPU
		Release|Any CPU = Release|Any CPU
	EndGlobalSection
	GlobalSection(ProjectConfigurationPlatforms) = postSolution
		{C41D5279-D202-41A4-AA59-065A97DF5A68}.Debug|Any CPU.ActiveCfg = Debug|Any CPU
		{C41D5279-D202-41A4-AA59-065A97DF5A68}.Debug|Any CPU.Build.0 = Debug|Any CPU
		{C41D5279-D202-41A4-AA59-065A97DF5A68}.Release|Any CPU.ActiveCfg = Release|Any CPU
		{C41D5279-D202-41A4-AA59-065A97DF5A68}.Release|Any CPU.Build.0 = Release|Any CPU
		{4CC7C123-31B7-492A-A721-A5ED9E875E22}.Debug|Any CPU.ActiveCfg = Debug|Any CPU
		{4CC7C123-31B7-492A-A721-A5ED9E875E22}.Debug|Any CPU.Build.0 = Debug|Any CPU
		{4CC7C123-31B7-492A-A721-A5ED9E875E22}.Release|Any CPU.ActiveCfg = Release|Any CPU
		{4CC7C123-31B7-492A-A721-A5ED9E875E22}.Release|Any CPU.Build.0 = Release|Any CPU
	EndGlobalSection
	GlobalSection(SolutionProperties) = preSolution
		HideSolutionNode = FALSE
	EndGlobalSection
	GlobalSection(ExtensibilityGlobals) = postSolution
		SolutionGuid = {F21E86C5-41F7-458A-84DC-2B9A301AB2CB}
	EndGlobalSection
EndGlobal
